// !$*UTF8*$!
{
	archiveVersion = 1;
	classes = {
	};
	objectVersion = 50;
	objects = {

/* Begin PBXBuildFile section */
		97F085CA25754E3600CD0C4E /* MyCircleApp.swift in Sources */ = {isa = PBXBuildFile; fileRef = 97F085C925754E3600CD0C4E /* MyCircleApp.swift */; };
		97F085CC25754E3600CD0C4E /* ContentView.swift in Sources */ = {isa = PBXBuildFile; fileRef = 97F085CB25754E3600CD0C4E /* ContentView.swift */; };
		97F085CE25754E3900CD0C4E /* Assets.xcassets in Resources */ = {isa = PBXBuildFile; fileRef = 97F085CD25754E3900CD0C4E /* Assets.xcassets */; };
		97F085D125754E3900CD0C4E /* Preview Assets.xcassets in Resources */ = {isa = PBXBuildFile; fileRef = 97F085D025754E3900CD0C4E /* Preview Assets.xcassets */; };
		97F085D325754E3900CD0C4E /* Persistence.swift in Sources */ = {isa = PBXBuildFile; fileRef = 97F085D225754E3900CD0C4E /* Persistence.swift */; };
		97F085D625754E3900CD0C4E /* MyCircle.xcdatamodeld in Sources */ = {isa = PBXBuildFile; fileRef = 97F085D425754E3900CD0C4E /* MyCircle.xcdatamodeld */; };
		97F085E425754FF900CD0C4E /* CDUser+CoreDataClass.swift in Sources */ = {isa = PBXBuildFile; fileRef = 97F085DE25754FF900CD0C4E /* CDUser+CoreDataClass.swift */; };
		97F085E525754FF900CD0C4E /* CDUser+CoreDataProperties.swift in Sources */ = {isa = PBXBuildFile; fileRef = 97F085DF25754FF900CD0C4E /* CDUser+CoreDataProperties.swift */; };
		97F085E625754FF900CD0C4E /* CDFriend+CoreDataClass.swift in Sources */ = {isa = PBXBuildFile; fileRef = 97F085E025754FF900CD0C4E /* CDFriend+CoreDataClass.swift */; };
		97F085E725754FF900CD0C4E /* CDFriend+CoreDataProperties.swift in Sources */ = {isa = PBXBuildFile; fileRef = 97F085E125754FF900CD0C4E /* CDFriend+CoreDataProperties.swift */; };
		97F085E825754FF900CD0C4E /* CDTag+CoreDataClass.swift in Sources */ = {isa = PBXBuildFile; fileRef = 97F085E225754FF900CD0C4E /* CDTag+CoreDataClass.swift */; };
		97F085E925754FF900CD0C4E /* CDTag+CoreDataProperties.swift in Sources */ = {isa = PBXBuildFile; fileRef = 97F085E325754FF900CD0C4E /* CDTag+CoreDataProperties.swift */; };
		97F085EE2575508300CD0C4E /* UserClass.swift in Sources */ = {isa = PBXBuildFile; fileRef = 97F085ED2575508300CD0C4E /* UserClass.swift */; };
		97F085F1257550A600CD0C4E /* User.swift in Sources */ = {isa = PBXBuildFile; fileRef = 97F085F0257550A600CD0C4E /* User.swift */; };
		97F085F4257550C700CD0C4E /* Friend.swift in Sources */ = {isa = PBXBuildFile; fileRef = 97F085F3257550C700CD0C4E /* Friend.swift */; };
		97F085F7257550E700CD0C4E /* UserView.swift in Sources */ = {isa = PBXBuildFile; fileRef = 97F085F6257550E700CD0C4E /* UserView.swift */; };
/* End PBXBuildFile section */

/* Begin PBXFileReference section */
		97F085C625754E3600CD0C4E /* MyCircle.app */ = {isa = PBXFileReference; explicitFileType = wrapper.application; includeInIndex = 0; path = MyCircle.app; sourceTree = BUILT_PRODUCTS_DIR; };
		97F085C925754E3600CD0C4E /* MyCircleApp.swift */ = {isa = PBXFileReference; lastKnownFileType = sourcecode.swift; path = MyCircleApp.swift; sourceTree = "<group>"; };
		97F085CB25754E3600CD0C4E /* ContentView.swift */ = {isa = PBXFileReference; lastKnownFileType = sourcecode.swift; path = ContentView.swift; sourceTree = "<group>"; };
		97F085CD25754E3900CD0C4E /* Assets.xcassets */ = {isa = PBXFileReference; lastKnownFileType = folder.assetcatalog; path = Assets.xcassets; sourceTree = "<group>"; };
		97F085D025754E3900CD0C4E /* Preview Assets.xcassets */ = {isa = PBXFileReference; lastKnownFileType = folder.assetcatalog; path = "Preview Assets.xcassets"; sourceTree = "<group>"; };
		97F085D225754E3900CD0C4E /* Persistence.swift */ = {isa = PBXFileReference; lastKnownFileType = sourcecode.swift; path = Persistence.swift; sourceTree = "<group>"; };
		97F085D525754E3900CD0C4E /* MyCircle.xcdatamodel */ = {isa = PBXFileReference; lastKnownFileType = wrapper.xcdatamodel; path = MyCircle.xcdatamodel; sourceTree = "<group>"; };
		97F085D725754E3900CD0C4E /* Info.plist */ = {isa = PBXFileReference; lastKnownFileType = text.plist.xml; path = Info.plist; sourceTree = "<group>"; };
		97F085DE25754FF900CD0C4E /* CDUser+CoreDataClass.swift */ = {isa = PBXFileReference; lastKnownFileType = sourcecode.swift; path = "CDUser+CoreDataClass.swift"; sourceTree = "<group>"; };
		97F085DF25754FF900CD0C4E /* CDUser+CoreDataProperties.swift */ = {isa = PBXFileReference; lastKnownFileType = sourcecode.swift; path = "CDUser+CoreDataProperties.swift"; sourceTree = "<group>"; };
		97F085E025754FF900CD0C4E /* CDFriend+CoreDataClass.swift */ = {isa = PBXFileReference; lastKnownFileType = sourcecode.swift; path = "CDFriend+CoreDataClass.swift"; sourceTree = "<group>"; };
		97F085E125754FF900CD0C4E /* CDFriend+CoreDataProperties.swift */ = {isa = PBXFileReference; lastKnownFileType = sourcecode.swift; path = "CDFriend+CoreDataProperties.swift"; sourceTree = "<group>"; };
		97F085E225754FF900CD0C4E /* CDTag+CoreDataClass.swift */ = {isa = PBXFileReference; lastKnownFileType = sourcecode.swift; path = "CDTag+CoreDataClass.swift"; sourceTree = "<group>"; };
		97F085E325754FF900CD0C4E /* CDTag+CoreDataProperties.swift */ = {isa = PBXFileReference; lastKnownFileType = sourcecode.swift; path = "CDTag+CoreDataProperties.swift"; sourceTree = "<group>"; };
		97F085ED2575508300CD0C4E /* UserClass.swift */ = {isa = PBXFileReference; lastKnownFileType = sourcecode.swift; path = UserClass.swift; sourceTree = "<group>"; };
		97F085F0257550A600CD0C4E /* User.swift */ = {isa = PBXFileReference; lastKnownFileType = sourcecode.swift; path = User.swift; sourceTree = "<group>"; };
		97F085F3257550C700CD0C4E /* Friend.swift */ = {isa = PBXFileReference; lastKnownFileType = sourcecode.swift; path = Friend.swift; sourceTree = "<group>"; };
		97F085F6257550E700CD0C4E /* UserView.swift */ = {isa = PBXFileReference; lastKnownFileType = sourcecode.swift; path = UserView.swift; sourceTree = "<group>"; };
/* End PBXFileReference section */

/* Begin PBXFrameworksBuildPhase section */
		97F085C325754E3600CD0C4E /* Frameworks */ = {
			isa = PBXFrameworksBuildPhase;
			buildActionMask = 2147483647;
			files = (
			);
			runOnlyForDeploymentPostprocessing = 0;
		};
/* End PBXFrameworksBuildPhase section */

/* Begin PBXGroup section */
		97F085BD25754E3600CD0C4E = {
			isa = PBXGroup;
			children = (
				97F085C825754E3600CD0C4E /* MyCircle */,
				97F085C725754E3600CD0C4E /* Products */,
			);
			sourceTree = "<group>";
		};
		97F085C725754E3600CD0C4E /* Products */ = {
			isa = PBXGroup;
			children = (
				97F085C625754E3600CD0C4E /* MyCircle.app */,
			);
			name = Products;
			sourceTree = "<group>";
		};
		97F085C825754E3600CD0C4E /* MyCircle */ = {
			isa = PBXGroup;
			children = (
				97F085EB2575501700CD0C4E /* CD */,
				97F085C925754E3600CD0C4E /* MyCircleApp.swift */,
				97F085F6257550E700CD0C4E /* UserView.swift */,
				97F085CB25754E3600CD0C4E /* ContentView.swift */,
				97F085ED2575508300CD0C4E /* UserClass.swift */,
				97F085F0257550A600CD0C4E /* User.swift */,
				97F085F3257550C700CD0C4E /* Friend.swift */,
				97F085CD25754E3900CD0C4E /* Assets.xcassets */,
				97F085D225754E3900CD0C4E /* Persistence.swift */,
				97F085D725754E3900CD0C4E /* Info.plist */,
				97F085D425754E3900CD0C4E /* MyCircle.xcdatamodeld */,
				97F085CF25754E3900CD0C4E /* Preview Content */,
			);
			path = MyCircle;
			sourceTree = "<group>";
		};
		97F085CF25754E3900CD0C4E /* Preview Content */ = {
			isa = PBXGroup;
			children = (
				97F085D025754E3900CD0C4E /* Preview Assets.xcassets */,
			);
			path = "Preview Content";
			sourceTree = "<group>";
		};
		97F085EB2575501700CD0C4E /* CD */ = {
			isa = PBXGroup;
			children = (
				97F085DE25754FF900CD0C4E /* CDUser+CoreDataClass.swift */,
				97F085DF25754FF900CD0C4E /* CDUser+CoreDataProperties.swift */,
				97F085E025754FF900CD0C4E /* CDFriend+CoreDataClass.swift */,
				97F085E125754FF900CD0C4E /* CDFriend+CoreDataProperties.swift */,
				97F085E225754FF900CD0C4E /* CDTag+CoreDataClass.swift */,
				97F085E325754FF900CD0C4E /* CDTag+CoreDataProperties.swift */,
			);
			path = CD;
			sourceTree = "<group>";
		};
/* End PBXGroup section */

/* Begin PBXNativeTarget section */
		97F085C525754E3600CD0C4E /* MyCircle */ = {
			isa = PBXNativeTarget;
			buildConfigurationList = 97F085DA25754E3900CD0C4E /* Build configuration list for PBXNativeTarget "MyCircle" */;
			buildPhases = (
				97F085C225754E3600CD0C4E /* Sources */,
				97F085C325754E3600CD0C4E /* Frameworks */,
				97F085C425754E3600CD0C4E /* Resources */,
			);
			buildRules = (
			);
			dependencies = (
			);
			name = MyCircle;
			productName = MyCircle;
			productReference = 97F085C625754E3600CD0C4E /* MyCircle.app */;
			productType = "com.apple.product-type.application";
		};
/* End PBXNativeTarget section */

/* Begin PBXProject section */
		97F085BE25754E3600CD0C4E /* Project object */ = {
			isa = PBXProject;
			attributes = {
				LastSwiftUpdateCheck = 1220;
				LastUpgradeCheck = 1220;
				TargetAttributes = {
					97F085C525754E3600CD0C4E = {
						CreatedOnToolsVersion = 12.2;
					};
				};
			};
			buildConfigurationList = 97F085C125754E3600CD0C4E /* Build configuration list for PBXProject "MyCircle" */;
			compatibilityVersion = "Xcode 9.3";
			developmentRegion = en;
			hasScannedForEncodings = 0;
			knownRegions = (
				en,
				Base,
			);
			mainGroup = 97F085BD25754E3600CD0C4E;
			productRefGroup = 97F085C725754E3600CD0C4E /* Products */;
			projectDirPath = "";
			projectRoot = "";
			targets = (
				97F085C525754E3600CD0C4E /* MyCircle */,
			);
		};
/* End PBXProject section */

/* Begin PBXResourcesBuildPhase section */
		97F085C425754E3600CD0C4E /* Resources */ = {
			isa = PBXResourcesBuildPhase;
			buildActionMask = 2147483647;
			files = (
				97F085D125754E3900CD0C4E /* Preview Assets.xcassets in Resources */,
				97F085CE25754E3900CD0C4E /* Assets.xcassets in Resources */,
			);
			runOnlyForDeploymentPostprocessing = 0;
		};
/* End PBXResourcesBuildPhase section */

/* Begin PBXSourcesBuildPhase section */
		97F085C225754E3600CD0C4E /* Sources */ = {
			isa = PBXSourcesBuildPhase;
			buildActionMask = 2147483647;
			files = (
				97F085D325754E3900CD0C4E /* Persistence.swift in Sources */,
				97F085D625754E3900CD0C4E /* MyCircle.xcdatamodeld in Sources */,
				97F085E725754FF900CD0C4E /* CDFriend+CoreDataProperties.swift in Sources */,
				97F085E425754FF900CD0C4E /* CDUser+CoreDataClass.swift in Sources */,
				97F085E525754FF900CD0C4E /* CDUser+CoreDataProperties.swift in Sources */,
				97F085E825754FF900CD0C4E /* CDTag+CoreDataClass.swift in Sources */,
				97F085E625754FF900CD0C4E /* CDFriend+CoreDataClass.swift in Sources */,
				97F085CC25754E3600CD0C4E /* ContentView.swift in Sources */,
				97F085F1257550A600CD0C4E /* User.swift in Sources */,
				97F085EE2575508300CD0C4E /* UserClass.swift in Sources */,
				97F085CA25754E3600CD0C4E /* MyCircleApp.swift in Sources */,
				97F085F4257550C700CD0C4E /* Friend.swift in Sources */,
				97F085E925754FF900CD0C4E /* CDTag+CoreDataProperties.swift in Sources */,
				97F085F7257550E700CD0C4E /* UserView.swift in Sources */,
			);
			runOnlyForDeploymentPostprocessing = 0;
		};
/* End PBXSourcesBuildPhase section */

/* Begin XCBuildConfiguration section */
		97F085D825754E3900CD0C4E /* Debug */ = {
			isa = XCBuildConfiguration;
			buildSettings = {
				ALWAYS_SEARCH_USER_PATHS = NO;
				CLANG_ANALYZER_NONNULL = YES;
				CLANG_ANALYZER_NUMBER_OBJECT_CONVERSION = YES_AGGRESSIVE;
				CLANG_CXX_LANGUAGE_STANDARD = "gnu++14";
				CLANG_CXX_LIBRARY = "libc++";
				CLANG_ENABLE_MODULES = YES;
				CLANG_ENABLE_OBJC_ARC = YES;
				CLANG_ENABLE_OBJC_WEAK = YES;
				CLANG_WARN_BLOCK_CAPTURE_AUTORELEASING = YES;
				CLANG_WARN_BOOL_CONVERSION = YES;
				CLANG_WARN_COMMA = YES;
				CLANG_WARN_CONSTANT_CONVERSION = YES;
				CLANG_WARN_DEPRECATED_OBJC_IMPLEMENTATIONS = YES;
				CLANG_WARN_DIRECT_OBJC_ISA_USAGE = YES_ERROR;
				CLANG_WARN_DOCUMENTATION_COMMENTS = YES;
				CLANG_WARN_EMPTY_BODY = YES;
				CLANG_WARN_ENUM_CONVERSION = YES;
				CLANG_WARN_INFINITE_RECURSION = YES;
				CLANG_WARN_INT_CONVERSION = YES;
				CLANG_WARN_NON_LITERAL_NULL_CONVERSION = YES;
				CLANG_WARN_OBJC_IMPLICIT_RETAIN_SELF = YES;
				CLANG_WARN_OBJC_LITERAL_CONVERSION = YES;
				CLANG_WARN_OBJC_ROOT_CLASS = YES_ERROR;
				CLANG_WARN_QUOTED_INCLUDE_IN_FRAMEWORK_HEADER = YES;
				CLANG_WARN_RANGE_LOOP_ANALYSIS = YES;
				CLANG_WARN_STRICT_PROTOTYPES = YES;
				CLANG_WARN_SUSPICIOUS_MOVE = YES;
				CLANG_WARN_UNGUARDED_AVAILABILITY = YES_AGGRESSIVE;
				CLANG_WARN_UNREACHABLE_CODE = YES;
				CLANG_WARN__DUPLICATE_METHOD_MATCH = YES;
				COPY_PHASE_STRIP = NO;
				DEBUG_INFORMATION_FORMAT = dwarf;
				ENABLE_STRICT_OBJC_MSGSEND = YES;
				ENABLE_TESTABILITY = YES;
				GCC_C_LANGUAGE_STANDARD = gnu11;
				GCC_DYNAMIC_NO_PIC = NO;
				GCC_NO_COMMON_BLOCKS = YES;
				GCC_OPTIMIZATION_LEVEL = 0;
				GCC_PREPROCESSOR_DEFINITIONS = (
					"DEBUG=1",
					"$(inherited)",
				);
				GCC_WARN_64_TO_32_BIT_CONVERSION = YES;
				GCC_WARN_ABOUT_RETURN_TYPE = YES_ERROR;
				GCC_WARN_UNDECLARED_SELECTOR = YES;
				GCC_WARN_UNINITIALIZED_AUTOS = YES_AGGRESSIVE;
				GCC_WARN_UNUSED_FUNCTION = YES;
				GCC_WARN_UNUSED_VARIABLE = YES;
				IPHONEOS_DEPLOYMENT_TARGET = 14.2;
				MTL_ENABLE_DEBUG_INFO = INCLUDE_SOURCE;
				MTL_FAST_MATH = YES;
				ONLY_ACTIVE_ARCH = YES;
				SDKROOT = iphoneos;
				SWIFT_ACTIVE_COMPILATION_CONDITIONS = DEBUG;
				SWIFT_OPTIMIZATION_LEVEL = "-Onone";
			};
			name = Debug;
		};
		97F085D925754E3900CD0C4E /* Release */ = {
			isa = XCBuildConfiguration;
			buildSettings = {
				ALWAYS_SEARCH_USER_PATHS = NO;
				CLANG_ANALYZER_NONNULL = YES;
				CLANG_ANALYZER_NUMBER_OBJECT_CONVERSION = YES_AGGRESSIVE;
				CLANG_CXX_LANGUAGE_STANDARD = "gnu++14";
				CLANG_CXX_LIBRARY = "libc++";
				CLANG_ENABLE_MODULES = YES;
				CLANG_ENABLE_OBJC_ARC = YES;
				CLANG_ENABLE_OBJC_WEAK = YES;
				CLANG_WARN_BLOCK_CAPTURE_AUTORELEASING = YES;
				CLANG_WARN_BOOL_CONVERSION = YES;
				CLANG_WARN_COMMA = YES;
				CLANG_WARN_CONSTANT_CONVERSION = YES;
				CLANG_WARN_DEPRECATED_OBJC_IMPLEMENTATIONS = YES;
				CLANG_WARN_DIRECT_OBJC_ISA_USAGE = YES_ERROR;
				CLANG_WARN_DOCUMENTATION_COMMENTS = YES;
				CLANG_WARN_EMPTY_BODY = YES;
				CLANG_WARN_ENUM_CONVERSION = YES;
				CLANG_WARN_INFINITE_RECURSION = YES;
				CLANG_WARN_INT_CONVERSION = YES;
				CLANG_WARN_NON_LITERAL_NULL_CONVERSION = YES;
				CLANG_WARN_OBJC_IMPLICIT_RETAIN_SELF = YES;
				CLANG_WARN_OBJC_LITERAL_CONVERSION = YES;
				CLANG_WARN_OBJC_ROOT_CLASS = YES_ERROR;
				CLANG_WARN_QUOTED_INCLUDE_IN_FRAMEWORK_HEADER = YES;
				CLANG_WARN_RANGE_LOOP_ANALYSIS = YES;
				CLANG_WARN_STRICT_PROTOTYPES = YES;
				CLANG_WARN_SUSPICIOUS_MOVE = YES;
				CLANG_WARN_UNGUARDED_AVAILABILITY = YES_AGGRESSIVE;
				CLANG_WARN_UNREACHABLE_CODE = YES;
				CLANG_WARN__DUPLICATE_METHOD_MATCH = YES;
				COPY_PHASE_STRIP = NO;
				DEBUG_INFORMATION_FORMAT = "dwarf-with-dsym";
				ENABLE_NS_ASSERTIONS = NO;
				ENABLE_STRICT_OBJC_MSGSEND = YES;
				GCC_C_LANGUAGE_STANDARD = gnu11;
				GCC_NO_COMMON_BLOCKS = YES;
				GCC_WARN_64_TO_32_BIT_CONVERSION = YES;
				GCC_WARN_ABOUT_RETURN_TYPE = YES_ERROR;
				GCC_WARN_UNDECLARED_SELECTOR = YES;
				GCC_WARN_UNINITIALIZED_AUTOS = YES_AGGRESSIVE;
				GCC_WARN_UNUSED_FUNCTION = YES;
				GCC_WARN_UNUSED_VARIABLE = YES;
				IPHONEOS_DEPLOYMENT_TARGET = 14.2;
				MTL_ENABLE_DEBUG_INFO = NO;
				MTL_FAST_MATH = YES;
				SDKROOT = iphoneos;
				SWIFT_COMPILATION_MODE = wholemodule;
				SWIFT_OPTIMIZATION_LEVEL = "-O";
				VALIDATE_PRODUCT = YES;
			};
			name = Release;
		};
		97F085DB25754E3900CD0C4E /* Debug */ = {
			isa = XCBuildConfiguration;
			buildSettings = {
				ASSETCATALOG_COMPILER_APPICON_NAME = AppIcon;
				ASSETCATALOG_COMPILER_GLOBAL_ACCENT_COLOR_NAME = AccentColor;
				CODE_SIGN_STYLE = Automatic;
				DEVELOPMENT_ASSET_PATHS = "\"MyCircle/Preview Content\"";
				DEVELOPMENT_TEAM = H2E5DU6HUE;
				ENABLE_PREVIEWS = YES;
				INFOPLIST_FILE = MyCircle/Info.plist;
				IPHONEOS_DEPLOYMENT_TARGET = 14.0;
				LD_RUNPATH_SEARCH_PATHS = (
					"$(inherited)",
					"@executable_path/Frameworks",
				);
				PRODUCT_BUNDLE_IDENTIFIER = com.myn.marlen.MyCircle;
				PRODUCT_NAME = "$(TARGET_NAME)";
				SWIFT_VERSION = 5.0;
				TARGETED_DEVICE_FAMILY = "1,2";
			};
			name = Debug;
		};
		97F085DC25754E3900CD0C4E /* Release */ = {
			isa = XCBuildConfiguration;
			buildSettings = {
				ASSETCATALOG_COMPILER_APPICON_NAME = AppIcon;
				ASSETCATALOG_COMPILER_GLOBAL_ACCENT_COLOR_NAME = AccentColor;
				CODE_SIGN_STYLE = Automatic;
				DEVELOPMENT_ASSET_PATHS = "\"MyCircle/Preview Content\"";
				DEVELOPMENT_TEAM = H2E5DU6HUE;
				ENABLE_PREVIEWS = YES;
				INFOPLIST_FILE = MyCircle/Info.plist;
				IPHONEOS_DEPLOYMENT_TARGET = 14.0;
				LD_RUNPATH_SEARCH_PATHS = (
					"$(inherited)",
					"@executable_path/Frameworks",
				);
				PRODUCT_BUNDLE_IDENTIFIER = com.myn.marlen.MyCircle;
				PRODUCT_NAME = "$(TARGET_NAME)";
				SWIFT_VERSION = 5.0;
				TARGETED_DEVICE_FAMILY = "1,2";
			};
			name = Release;
		};
/* End XCBuildConfiguration section */

/* Begin XCConfigurationList section */
		97F085C125754E3600CD0C4E /* Build configuration list for PBXProject "MyCircle" */ = {
			isa = XCConfigurationList;
			buildConfigurations = (
				97F085D825754E3900CD0C4E /* Debug */,
				97F085D925754E3900CD0C4E /* Release */,
			);
			defaultConfigurationIsVisible = 0;
			defaultConfigurationName = Release;
		};
		97F085DA25754E3900CD0C4E /* Build configuration list for PBXNativeTarget "MyCircle" */ = {
			isa = XCConfigurationList;
			buildConfigurations = (
				97F085DB25754E3900CD0C4E /* Debug */,
				97F085DC25754E3900CD0C4E /* Release */,
			);
			defaultConfigurationIsVisible = 0;
			defaultConfigurationName = Release;
		};
/* End XCConfigurationList section */

/* Begin XCVersionGroup section */
		97F085D425754E3900CD0C4E /* MyCircle.xcdatamodeld */ = {
			isa = XCVersionGroup;
			children = (
				97F085D525754E3900CD0C4E /* MyCircle.xcdatamodel */,
			);
			currentVersion = 97F085D525754E3900CD0C4E /* MyCircle.xcdatamodel */;
			path = MyCircle.xcdatamodeld;
			sourceTree = "<group>";
			versionGroupType = wrapper.xcdatamodel;
		};
/* End XCVersionGroup section */
	};
	rootObject = 97F085BE25754E3600CD0C4E /* Project object */;
}
